
Microsoft Visual Studio Solution File, Format Version 12.00
# Visual Studio Version 17
VisualStudioVersion = 17.8.34511.84
MinimumVisualStudioVersion = 10.0.40219.1
Project("{9A19103F-16F7-4668-BE54-9A1E7A4F7556}") = "AirportControllerHelperAPI", "AirportControllerHelperAPI\AirportControllerHelperAPI.csproj", "{59FBFC8E-29BE-4A5C-B98C-49E147882FDD}"
EndProject
Project("{9A19103F-16F7-4668-BE54-9A1E7A4F7556}") = "AirportControllerHelperAPI.Model", "AirpotControllerHelperAPI.Model\AirportControllerHelperAPI.Model.csproj", "{C85A3AE3-6C93-433C-8F6D-0A091A8BE277}"
EndProject
Project("{9A19103F-16F7-4668-BE54-9A1E7A4F7556}") = "AirportControllerHelperAPI.Infrastructure", "AirportControllerHelperAPI.Infrastructure\AirportControllerHelperAPI.Infrastructure.csproj", "{06469D91-0882-43C6-BECF-6ED3EA9E1DA3}"
EndProject
Global
	GlobalSection(SolutionConfigurationPlatforms) = preSolution
		Debug|Any CPU = Debug|Any CPU
		Release|Any CPU = Release|Any CPU
	EndGlobalSection
	GlobalSection(ProjectConfigurationPlatforms) = postSolution
		{59FBFC8E-29BE-4A5C-B98C-49E147882FDD}.Debug|Any CPU.ActiveCfg = Debug|Any CPU
		{59FBFC8E-29BE-4A5C-B98C-49E147882FDD}.Debug|Any CPU.Build.0 = Debug|Any CPU
		{59FBFC8E-29BE-4A5C-B98C-49E147882FDD}.Release|Any CPU.ActiveCfg = Release|Any CPU
		{59FBFC8E-29BE-4A5C-B98C-49E147882FDD}.Release|Any CPU.Build.0 = Release|Any CPU
		{C85A3AE3-6C93-433C-8F6D-0A091A8BE277}.Debug|Any CPU.ActiveCfg = Debug|Any CPU
		{C85A3AE3-6C93-433C-8F6D-0A091A8BE277}.Debug|Any CPU.Build.0 = Debug|Any CPU
		{C85A3AE3-6C93-433C-8F6D-0A091A8BE277}.Release|Any CPU.ActiveCfg = Release|Any CPU
		{C85A3AE3-6C93-433C-8F6D-0A091A8BE277}.Release|Any CPU.Build.0 = Release|Any CPU
		{06469D91-0882-43C6-BECF-6ED3EA9E1DA3}.Debug|Any CPU.ActiveCfg = Debug|Any CPU
		{06469D91-0882-43C6-BECF-6ED3EA9E1DA3}.Debug|Any CPU.Build.0 = Debug|Any CPU
		{06469D91-0882-43C6-BECF-6ED3EA9E1DA3}.Release|Any CPU.ActiveCfg = Release|Any CPU
		{06469D91-0882-43C6-BECF-6ED3EA9E1DA3}.Release|Any CPU.Build.0 = Release|Any CPU
	EndGlobalSection
	GlobalSection(SolutionProperties) = preSolution
		HideSolutionNode = FALSE
	EndGlobalSection
	GlobalSection(ExtensibilityGlobals) = postSolution
		SolutionGuid = {34EC1FE8-71EC-448D-AA20-011AE3D13F9A}
	EndGlobalSection
EndGlobal
